
Microsoft Visual Studio Solution File, Format Version 12.00
# Visual Studio Version 16
VisualStudioVersion = 16.0.32901.82
MinimumVisualStudioVersion = 10.0.40219.1
Project("{FAE04EC0-301F-11D3-BF4B-00C04F79EFBC}") = "MovieStore2", "MovieStore2.csproj", "{E9B60C94-C82F-49E0-ADC6-58644825C643}"
EndProject
Project("{2150E333-8FDC-42A3-9474-1A3956D46DE8}") = "Solution Items", "Solution Items", "{BF2BF715-625F-4484-927F-8AED37971877}"
EndProject
Global
	GlobalSection(SolutionConfigurationPlatforms) = preSolution
		Debug|Any CPU = Debug|Any CPU
		Release|Any CPU = Release|Any CPU
	EndGlobalSection
	GlobalSection(ProjectConfigurationPlatforms) = postSolution
		{E9B60C94-C82F-49E0-ADC6-58644825C643}.Debug|Any CPU.ActiveCfg = Debug|Any CPU
		{E9B60C94-C82F-49E0-ADC6-58644825C643}.Debug|Any CPU.Build.0 = Debug|Any CPU
		{E9B60C94-C82F-49E0-ADC6-58644825C643}.Release|Any CPU.ActiveCfg = Release|Any CPU
		{E9B60C94-C82F-49E0-ADC6-58644825C643}.Release|Any CPU.Build.0 = Release|Any CPU
	EndGlobalSection
	GlobalSection(SolutionProperties) = preSolution
		HideSolutionNode = FALSE
	EndGlobalSection
	GlobalSection(ExtensibilityGlobals) = postSolution
		SolutionGuid = {95827D1C-F4E6-443B-BD5E-65043C254265}
	EndGlobalSection
EndGlobal
